
Microsoft Visual Studio Solution File, Format Version 12.00
Project("{FAE04EC0-301F-11D3-BF4B-00C04F79EFBC}") = "RebornToolbox", "RebornToolbox\RebornToolbox.csproj", "{85523D7B-7694-42F8-A435-6BD7766709D5}"
EndProject
Project("{FAE04EC0-301F-11D3-BF4B-00C04F79EFBC}") = "ECommons", "ECommons\ECommons\ECommons.csproj", "{CC6D7364-B212-45A4-834B-B4E03C0AFE93}"
EndProject
Project("{FAE04EC0-301F-11D3-BF4B-00C04F79EFBC}") = "OtterGui", "OtterGui\OtterGui.csproj", "{F85F3692-BEA8-404A-8541-2C46B07CFD5E}"
EndProject
Global
	GlobalSection(SolutionConfigurationPlatforms) = preSolution
		Debug|Any CPU = Debug|Any CPU
		Release|Any CPU = Release|Any CPU
	EndGlobalSection
	GlobalSection(ProjectConfigurationPlatforms) = postSolution
		{85523D7B-7694-42F8-A435-6BD7766709D5}.Debug|Any CPU.ActiveCfg = Debug|x64
		{85523D7B-7694-42F8-A435-6BD7766709D5}.Debug|Any CPU.Build.0 = Debug|x64
		{85523D7B-7694-42F8-A435-6BD7766709D5}.Release|Any CPU.ActiveCfg = Release|x64
		{85523D7B-7694-42F8-A435-6BD7766709D5}.Release|Any CPU.Build.0 = Release|x64
		{CC6D7364-B212-45A4-834B-B4E03C0AFE93}.Debug|Any CPU.ActiveCfg = Debug|x64
		{CC6D7364-B212-45A4-834B-B4E03C0AFE93}.Debug|Any CPU.Build.0 = Debug|x64
		{CC6D7364-B212-45A4-834B-B4E03C0AFE93}.Release|Any CPU.ActiveCfg = Release|x64
		{CC6D7364-B212-45A4-834B-B4E03C0AFE93}.Release|Any CPU.Build.0 = Release|x64
		{F85F3692-BEA8-404A-8541-2C46B07CFD5E}.Debug|Any CPU.ActiveCfg = Debug|x64
		{F85F3692-BEA8-404A-8541-2C46B07CFD5E}.Debug|Any CPU.Build.0 = Debug|x64
		{F85F3692-BEA8-404A-8541-2C46B07CFD5E}.Release|Any CPU.ActiveCfg = Release|x64
		{F85F3692-BEA8-404A-8541-2C46B07CFD5E}.Release|Any CPU.Build.0 = Release|x64
	EndGlobalSection
EndGlobal
